
Microsoft Visual Studio Solution File, Format Version 12.00
# Visual Studio 14
VisualStudioVersion = 14.0.25123.0
MinimumVisualStudioVersion = 10.0.40219.1
Project("{FAE04EC0-301F-11D3-BF4B-00C04F79EFBC}") = "SironaDriverApplication", "SironaDriverApplication\SironaDriverApplication.csproj", "{431BEBD0-3066-432E-960A-68BD9EC0355E}"
EndProject
Project("{8BC9CEB8-8B4A-11D0-8D11-00A0C91BC942}") = "SironaDriverInterop", "SironaDriverInterop\SironaDriverInterop.vcxproj", "{61E08090-9D05-4884-90ED-692A4C89D858}"
EndProject
Global
	GlobalSection(SolutionConfigurationPlatforms) = preSolution
		Debug|Any CPU = Debug|Any CPU
		Debug|x64 = Debug|x64
		Debug|x86 = Debug|x86
		Release|Any CPU = Release|Any CPU
		Release|x64 = Release|x64
		Release|x86 = Release|x86
	EndGlobalSection
	GlobalSection(ProjectConfigurationPlatforms) = postSolution
		{431BEBD0-3066-432E-960A-68BD9EC0355E}.Debug|Any CPU.ActiveCfg = Debug|Any CPU
		{431BEBD0-3066-432E-960A-68BD9EC0355E}.Debug|Any CPU.Build.0 = Debug|Any CPU
		{431BEBD0-3066-432E-960A-68BD9EC0355E}.Debug|x64.ActiveCfg = Debug|Any CPU
		{431BEBD0-3066-432E-960A-68BD9EC0355E}.Debug|x64.Build.0 = Debug|Any CPU
		{431BEBD0-3066-432E-960A-68BD9EC0355E}.Debug|x86.ActiveCfg = Debug|Any CPU
		{431BEBD0-3066-432E-960A-68BD9EC0355E}.Debug|x86.Build.0 = Debug|Any CPU
		{431BEBD0-3066-432E-960A-68BD9EC0355E}.Release|Any CPU.ActiveCfg = Release|Any CPU
		{431BEBD0-3066-432E-960A-68BD9EC0355E}.Release|Any CPU.Build.0 = Release|Any CPU
		{431BEBD0-3066-432E-960A-68BD9EC0355E}.Release|x64.ActiveCfg = Release|Any CPU
		{431BEBD0-3066-432E-960A-68BD9EC0355E}.Release|x64.Build.0 = Release|Any CPU
		{431BEBD0-3066-432E-960A-68BD9EC0355E}.Release|x86.ActiveCfg = Release|Any CPU
		{431BEBD0-3066-432E-960A-68BD9EC0355E}.Release|x86.Build.0 = Release|Any CPU
		{61E08090-9D05-4884-90ED-692A4C89D858}.Debug|Any CPU.ActiveCfg = Debug|Win32
		{61E08090-9D05-4884-90ED-692A4C89D858}.Debug|x64.ActiveCfg = Debug|x64
		{61E08090-9D05-4884-90ED-692A4C89D858}.Debug|x64.Build.0 = Debug|x64
		{61E08090-9D05-4884-90ED-692A4C89D858}.Debug|x86.ActiveCfg = Debug|Win32
		{61E08090-9D05-4884-90ED-692A4C89D858}.Debug|x86.Build.0 = Debug|Win32
		{61E08090-9D05-4884-90ED-692A4C89D858}.Release|Any CPU.ActiveCfg = Release|Win32
		{61E08090-9D05-4884-90ED-692A4C89D858}.Release|x64.ActiveCfg = Release|x64
		{61E08090-9D05-4884-90ED-692A4C89D858}.Release|x64.Build.0 = Release|x64
		{61E08090-9D05-4884-90ED-692A4C89D858}.Release|x86.ActiveCfg = Release|Win32
		{61E08090-9D05-4884-90ED-692A4C89D858}.Release|x86.Build.0 = Release|Win32
	EndGlobalSection
	GlobalSection(SolutionProperties) = preSolution
		HideSolutionNode = FALSE
	EndGlobalSection
EndGlobal
